// !$*UTF8*$!
{
	archiveVersion = 1;
	classes = {
	};
	objectVersion = 56;
	objects = {

/* Begin PBXBuildFile section */
		F425FBBE2C5B987600568555 /* AppDelegate.swift in Sources */ = {isa = PBXBuildFile; fileRef = F425FBBD2C5B987600568555 /* AppDelegate.swift */; };
		F425FBC02C5B987600568555 /* SceneDelegate.swift in Sources */ = {isa = PBXBuildFile; fileRef = F425FBBF2C5B987600568555 /* SceneDelegate.swift */; };
		F425FBC22C5B987600568555 /* ViewController.swift in Sources */ = {isa = PBXBuildFile; fileRef = F425FBC12C5B987600568555 /* ViewController.swift */; };
		F425FBC52C5B987600568555 /* Base in Resources */ = {isa = PBXBuildFile; fileRef = F425FBC42C5B987600568555 /* Base */; };
		F425FBCA2C5B987700568555 /* Base in Resources */ = {isa = PBXBuildFile; fileRef = F425FBC92C5B987700568555 /* Base */; };
		F425FBD52C5B987700568555 /* virtual_diceTests.swift in Sources */ = {isa = PBXBuildFile; fileRef = F425FBD42C5B987700568555 /* virtual_diceTests.swift */; };
		F425FBDF2C5B987700568555 /* virtual_diceUITests.swift in Sources */ = {isa = PBXBuildFile; fileRef = F425FBDE2C5B987700568555 /* virtual_diceUITests.swift */; };
		F425FBE12C5B987700568555 /* virtual_diceUITestsLaunchTests.swift in Sources */ = {isa = PBXBuildFile; fileRef = F425FBE02C5B987700568555 /* virtual_diceUITestsLaunchTests.swift */; };
		F425FBEE2C5B98BB00568555 /* Assets copy.xcassets in Resources */ = {isa = PBXBuildFile; fileRef = F425FBED2C5B98BB00568555 /* Assets copy.xcassets */; };
/* End PBXBuildFile section */

/* Begin PBXContainerItemProxy section */
		F425FBD12C5B987700568555 /* PBXContainerItemProxy */ = {
			isa = PBXContainerItemProxy;
			containerPortal = F425FBB22C5B987600568555 /* Project object */;
			proxyType = 1;
			remoteGlobalIDString = F425FBB92C5B987600568555;
			remoteInfo = "virtual dice";
		};
		F425FBDB2C5B987700568555 /* PBXContainerItemProxy */ = {
			isa = PBXContainerItemProxy;
			containerPortal = F425FBB22C5B987600568555 /* Project object */;
			proxyType = 1;
			remoteGlobalIDString = F425FBB92C5B987600568555;
			remoteInfo = "virtual dice";
		};
/* End PBXContainerItemProxy section */

/* Begin PBXFileReference section */
		F425FBBA2C5B987600568555 /* virtual dice.app */ = {isa = PBXFileReference; explicitFileType = wrapper.application; includeInIndex = 0; path = "virtual dice.app"; sourceTree = BUILT_PRODUCTS_DIR; };
		F425FBBD2C5B987600568555 /* AppDelegate.swift */ = {isa = PBXFileReference; lastKnownFileType = sourcecode.swift; path = AppDelegate.swift; sourceTree = "<group>"; };
		F425FBBF2C5B987600568555 /* SceneDelegate.swift */ = {isa = PBXFileReference; lastKnownFileType = sourcecode.swift; path = SceneDelegate.swift; sourceTree = "<group>"; };
		F425FBC12C5B987600568555 /* ViewController.swift */ = {isa = PBXFileReference; lastKnownFileType = sourcecode.swift; path = ViewController.swift; sourceTree = "<group>"; };
		F425FBC42C5B987600568555 /* Base */ = {isa = PBXFileReference; lastKnownFileType = file.storyboard; name = Base; path = Base.lproj/Main.storyboard; sourceTree = "<group>"; };
		F425FBC92C5B987700568555 /* Base */ = {isa = PBXFileReference; lastKnownFileType = file.storyboard; name = Base; path = Base.lproj/LaunchScreen.storyboard; sourceTree = "<group>"; };
		F425FBCB2C5B987700568555 /* Info.plist */ = {isa = PBXFileReference; lastKnownFileType = text.plist.xml; path = Info.plist; sourceTree = "<group>"; };
		F425FBD02C5B987700568555 /* virtual diceTests.xctest */ = {isa = PBXFileReference; explicitFileType = wrapper.cfbundle; includeInIndex = 0; path = "virtual diceTests.xctest"; sourceTree = BUILT_PRODUCTS_DIR; };
		F425FBD42C5B987700568555 /* virtual_diceTests.swift */ = {isa = PBXFileReference; lastKnownFileType = sourcecode.swift; path = virtual_diceTests.swift; sourceTree = "<group>"; };
		F425FBDA2C5B987700568555 /* virtual diceUITests.xctest */ = {isa = PBXFileReference; explicitFileType = wrapper.cfbundle; includeInIndex = 0; path = "virtual diceUITests.xctest"; sourceTree = BUILT_PRODUCTS_DIR; };
		F425FBDE2C5B987700568555 /* virtual_diceUITests.swift */ = {isa = PBXFileReference; lastKnownFileType = sourcecode.swift; path = virtual_diceUITests.swift; sourceTree = "<group>"; };
		F425FBE02C5B987700568555 /* virtual_diceUITestsLaunchTests.swift */ = {isa = PBXFileReference; lastKnownFileType = sourcecode.swift; path = virtual_diceUITestsLaunchTests.swift; sourceTree = "<group>"; };
		F425FBED2C5B98BB00568555 /* Assets copy.xcassets */ = {isa = PBXFileReference; lastKnownFileType = folder.assetcatalog; path = "Assets copy.xcassets"; sourceTree = "<group>"; };
/* End PBXFileReference section */

/* Begin PBXFrameworksBuildPhase section */
		F425FBB72C5B987600568555 /* Frameworks */ = {
			isa = PBXFrameworksBuildPhase;
			buildActionMask = 2147483647;
			files = (
			);
			runOnlyForDeploymentPostprocessing = 0;
		};
		F425FBCD2C5B987700568555 /* Frameworks */ = {
			isa = PBXFrameworksBuildPhase;
			buildActionMask = 2147483647;
			files = (
			);
			runOnlyForDeploymentPostprocessing = 0;
		};
		F425FBD72C5B987700568555 /* Frameworks */ = {
			isa = PBXFrameworksBuildPhase;
			buildActionMask = 2147483647;
			files = (
			);
			runOnlyForDeploymentPostprocessing = 0;
		};
/* End PBXFrameworksBuildPhase section */

/* Begin PBXGroup section */
		F425FBB12C5B987600568555 = {
			isa = PBXGroup;
			children = (
				F425FBBC2C5B987600568555 /* virtual dice */,
				F425FBD32C5B987700568555 /* virtual diceTests */,
				F425FBDD2C5B987700568555 /* virtual diceUITests */,
				F425FBBB2C5B987600568555 /* Products */,
			);
			sourceTree = "<group>";
		};
		F425FBBB2C5B987600568555 /* Products */ = {
			isa = PBXGroup;
			children = (
				F425FBBA2C5B987600568555 /* virtual dice.app */,
				F425FBD02C5B987700568555 /* virtual diceTests.xctest */,
				F425FBDA2C5B987700568555 /* virtual diceUITests.xctest */,
			);
			name = Products;
			sourceTree = "<group>";
		};
		F425FBBC2C5B987600568555 /* virtual dice */ = {
			isa = PBXGroup;
			children = (
				F425FBED2C5B98BB00568555 /* Assets copy.xcassets */,
				F425FBBD2C5B987600568555 /* AppDelegate.swift */,
				F425FBBF2C5B987600568555 /* SceneDelegate.swift */,
				F425FBC12C5B987600568555 /* ViewController.swift */,
				F425FBC32C5B987600568555 /* Main.storyboard */,
				F425FBC82C5B987700568555 /* LaunchScreen.storyboard */,
				F425FBCB2C5B987700568555 /* Info.plist */,
			);
			path = "virtual dice";
			sourceTree = "<group>";
		};
		F425FBD32C5B987700568555 /* virtual diceTests */ = {
			isa = PBXGroup;
			children = (
				F425FBD42C5B987700568555 /* virtual_diceTests.swift */,
			);
			path = "virtual diceTests";
			sourceTree = "<group>";
		};
		F425FBDD2C5B987700568555 /* virtual diceUITests */ = {
			isa = PBXGroup;
			children = (
				F425FBDE2C5B987700568555 /* virtual_diceUITests.swift */,
				F425FBE02C5B987700568555 /* virtual_diceUITestsLaunchTests.swift */,
			);
			path = "virtual diceUITests";
			sourceTree = "<group>";
		};
/* End PBXGroup section */

/* Begin PBXNativeTarget section */
		F425FBB92C5B987600568555 /* virtual dice */ = {
			isa = PBXNativeTarget;
			buildConfigurationList = F425FBE42C5B987700568555 /* Build configuration list for PBXNativeTarget "virtual dice" */;
			buildPhases = (
				F425FBB62C5B987600568555 /* Sources */,
				F425FBB72C5B987600568555 /* Frameworks */,
				F425FBB82C5B987600568555 /* Resources */,
			);
			buildRules = (
			);
			dependencies = (
			);
			name = "virtual dice";
			productName = "virtual dice";
			productReference = F425FBBA2C5B987600568555 /* virtual dice.app */;
			productType = "com.apple.product-type.application";
		};
		F425FBCF2C5B987700568555 /* virtual diceTests */ = {
			isa = PBXNativeTarget;
			buildConfigurationList = F425FBE72C5B987700568555 /* Build configuration list for PBXNativeTarget "virtual diceTests" */;
			buildPhases = (
				F425FBCC2C5B987700568555 /* Sources */,
				F425FBCD2C5B987700568555 /* Frameworks */,
				F425FBCE2C5B987700568555 /* Resources */,
			);
			buildRules = (
			);
			dependencies = (
				F425FBD22C5B987700568555 /* PBXTargetDependency */,
			);
			name = "virtual diceTests";
			productName = "virtual diceTests";
			productReference = F425FBD02C5B987700568555 /* virtual diceTests.xctest */;
			productType = "com.apple.product-type.bundle.unit-test";
		};
		F425FBD92C5B987700568555 /* virtual diceUITests */ = {
			isa = PBXNativeTarget;
			buildConfigurationList = F425FBEA2C5B987700568555 /* Build configuration list for PBXNativeTarget "virtual diceUITests" */;
			buildPhases = (
				F425FBD62C5B987700568555 /* Sources */,
				F425FBD72C5B987700568555 /* Frameworks */,
				F425FBD82C5B987700568555 /* Resources */,
			);
			buildRules = (
			);
			dependencies = (
				F425FBDC2C5B987700568555 /* PBXTargetDependency */,
			);
			name = "virtual diceUITests";
			productName = "virtual diceUITests";
			productReference = F425FBDA2C5B987700568555 /* virtual diceUITests.xctest */;
			productType = "com.apple.product-type.bundle.ui-testing";
		};
/* End PBXNativeTarget section */

/* Begin PBXProject section */
		F425FBB22C5B987600568555 /* Project object */ = {
			isa = PBXProject;
			attributes = {
				BuildIndependentTargetsInParallel = 1;
				LastSwiftUpdateCheck = 1540;
				LastUpgradeCheck = 1540;
				TargetAttributes = {
					F425FBB92C5B987600568555 = {
						CreatedOnToolsVersion = 15.4;
					};
					F425FBCF2C5B987700568555 = {
						CreatedOnToolsVersion = 15.4;
						TestTargetID = F425FBB92C5B987600568555;
					};
					F425FBD92C5B987700568555 = {
						CreatedOnToolsVersion = 15.4;
						TestTargetID = F425FBB92C5B987600568555;
					};
				};
			};
			buildConfigurationList = F425FBB52C5B987600568555 /* Build configuration list for PBXProject "virtual dice" */;
			compatibilityVersion = "Xcode 14.0";
			developmentRegion = en;
			hasScannedForEncodings = 0;
			knownRegions = (
				en,
				Base,
			);
			mainGroup = F425FBB12C5B987600568555;
			productRefGroup = F425FBBB2C5B987600568555 /* Products */;
			projectDirPath = "";
			projectRoot = "";
			targets = (
				F425FBB92C5B987600568555 /* virtual dice */,
				F425FBCF2C5B987700568555 /* virtual diceTests */,
				F425FBD92C5B987700568555 /* virtual diceUITests */,
			);
		};
/* End PBXProject section */

/* Begin PBXResourcesBuildPhase section */
		F425FBB82C5B987600568555 /* Resources */ = {
			isa = PBXResourcesBuildPhase;
			buildActionMask = 2147483647;
			files = (
				F425FBCA2C5B987700568555 /* Base in Resources */,
				F425FBEE2C5B98BB00568555 /* Assets copy.xcassets in Resources */,
				F425FBC52C5B987600568555 /* Base in Resources */,
			);
			runOnlyForDeploymentPostprocessing = 0;
		};
		F425FBCE2C5B987700568555 /* Resources */ = {
			isa = PBXResourcesBuildPhase;
			buildActionMask = 2147483647;
			files = (
			);
			runOnlyForDeploymentPostprocessing = 0;
		};
		F425FBD82C5B987700568555 /* Resources */ = {
			isa = PBXResourcesBuildPhase;
			buildActionMask = 2147483647;
			files = (
			);
			runOnlyForDeploymentPostprocessing = 0;
		};
/* End PBXResourcesBuildPhase section */

/* Begin PBXSourcesBuildPhase section */
		F425FBB62C5B987600568555 /* Sources */ = {
			isa = PBXSourcesBuildPhase;
			buildActionMask = 2147483647;
			files = (
				F425FBC22C5B987600568555 /* ViewController.swift in Sources */,
				F425FBBE2C5B987600568555 /* AppDelegate.swift in Sources */,
				F425FBC02C5B987600568555 /* SceneDelegate.swift in Sources */,
			);
			runOnlyForDeploymentPostprocessing = 0;
		};
		F425FBCC2C5B987700568555 /* Sources */ = {
			isa = PBXSourcesBuildPhase;
			buildActionMask = 2147483647;
			files = (
				F425FBD52C5B987700568555 /* virtual_diceTests.swift in Sources */,
			);
			runOnlyForDeploymentPostprocessing = 0;
		};
		F425FBD62C5B987700568555 /* Sources */ = {
			isa = PBXSourcesBuildPhase;
			buildActionMask = 2147483647;
			files = (
				F425FBDF2C5B987700568555 /* virtual_diceUITests.swift in Sources */,
				F425FBE12C5B987700568555 /* virtual_diceUITestsLaunchTests.swift in Sources */,
			);
			runOnlyForDeploymentPostprocessing = 0;
		};
/* End PBXSourcesBuildPhase section */

/* Begin PBXTargetDependency section */
		F425FBD22C5B987700568555 /* PBXTargetDependency */ = {
			isa = PBXTargetDependency;
			target = F425FBB92C5B987600568555 /* virtual dice */;
			targetProxy = F425FBD12C5B987700568555 /* PBXContainerItemProxy */;
		};
		F425FBDC2C5B987700568555 /* PBXTargetDependency */ = {
			isa = PBXTargetDependency;
			target = F425FBB92C5B987600568555 /* virtual dice */;
			targetProxy = F425FBDB2C5B987700568555 /* PBXContainerItemProxy */;
		};
/* End PBXTargetDependency section */

/* Begin PBXVariantGroup section */
		F425FBC32C5B987600568555 /* Main.storyboard */ = {
			isa = PBXVariantGroup;
			children = (
				F425FBC42C5B987600568555 /* Base */,
			);
			name = Main.storyboard;
			sourceTree = "<group>";
		};
		F425FBC82C5B987700568555 /* LaunchScreen.storyboard */ = {
			isa = PBXVariantGroup;
			children = (
				F425FBC92C5B987700568555 /* Base */,
			);
			name = LaunchScreen.storyboard;
			sourceTree = "<group>";
		};
/* End PBXVariantGroup section */

/* Begin XCBuildConfiguration section */
		F425FBE22C5B987700568555 /* Debug */ = {
			isa = XCBuildConfiguration;
			buildSettings = {
				ALWAYS_SEARCH_USER_PATHS = NO;
				ASSETCATALOG_COMPILER_GENERATE_SWIFT_ASSET_SYMBOL_EXTENSIONS = YES;
				CLANG_ANALYZER_NONNULL = YES;
				CLANG_ANALYZER_NUMBER_OBJECT_CONVERSION = YES_AGGRESSIVE;
				CLANG_CXX_LANGUAGE_STANDARD = "gnu++20";
				CLANG_ENABLE_MODULES = YES;
				CLANG_ENABLE_OBJC_ARC = YES;
				CLANG_ENABLE_OBJC_WEAK = YES;
				CLANG_WARN_BLOCK_CAPTURE_AUTORELEASING = YES;
				CLANG_WARN_BOOL_CONVERSION = YES;
				CLANG_WARN_COMMA = YES;
				CLANG_WARN_CONSTANT_CONVERSION = YES;
				CLANG_WARN_DEPRECATED_OBJC_IMPLEMENTATIONS = YES;
				CLANG_WARN_DIRECT_OBJC_ISA_USAGE = YES_ERROR;
				CLANG_WARN_DOCUMENTATION_COMMENTS = YES;
				CLANG_WARN_EMPTY_BODY = YES;
				CLANG_WARN_ENUM_CONVERSION = YES;
				CLANG_WARN_INFINITE_RECURSION = YES;
				CLANG_WARN_INT_CONVERSION = YES;
				CLANG_WARN_NON_LITERAL_NULL_CONVERSION = YES;
				CLANG_WARN_OBJC_IMPLICIT_RETAIN_SELF = YES;
				CLANG_WARN_OBJC_LITERAL_CONVERSION = YES;
				CLANG_WARN_OBJC_ROOT_CLASS = YES_ERROR;
				CLANG_WARN_QUOTED_INCLUDE_IN_FRAMEWORK_HEADER = YES;
				CLANG_WARN_RANGE_LOOP_ANALYSIS = YES;
				CLANG_WARN_STRICT_PROTOTYPES = YES;
				CLANG_WARN_SUSPICIOUS_MOVE = YES;
				CLANG_WARN_UNGUARDED_AVAILABILITY = YES_AGGRESSIVE;
				CLANG_WARN_UNREACHABLE_CODE = YES;
				CLANG_WARN__DUPLICATE_METHOD_MATCH = YES;
				COPY_PHASE_STRIP = NO;
				DEBUG_INFORMATION_FORMAT = dwarf;
				ENABLE_STRICT_OBJC_MSGSEND = YES;
				ENABLE_TESTABILITY = YES;
				ENABLE_USER_SCRIPT_SANDBOXING = YES;
				GCC_C_LANGUAGE_STANDARD = gnu17;
				GCC_DYNAMIC_NO_PIC = NO;
				GCC_NO_COMMON_BLOCKS = YES;
				GCC_OPTIMIZATION_LEVEL = 0;
				GCC_PREPROCESSOR_DEFINITIONS = (
					"DEBUG=1",
					"$(inherited)",
				);
				GCC_WARN_64_TO_32_BIT_CONVERSION = YES;
				GCC_WARN_ABOUT_RETURN_TYPE = YES_ERROR;
				GCC_WARN_UNDECLARED_SELECTOR = YES;
				GCC_WARN_UNINITIALIZED_AUTOS = YES_AGGRESSIVE;
				GCC_WARN_UNUSED_FUNCTION = YES;
				GCC_WARN_UNUSED_VARIABLE = YES;
				IPHONEOS_DEPLOYMENT_TARGET = 17.5;
				LOCALIZATION_PREFERS_STRING_CATALOGS = YES;
				MTL_ENABLE_DEBUG_INFO = INCLUDE_SOURCE;
				MTL_FAST_MATH = YES;
				ONLY_ACTIVE_ARCH = YES;
				SDKROOT = iphoneos;
				SWIFT_ACTIVE_COMPILATION_CONDITIONS = "DEBUG $(inherited)";
				SWIFT_OPTIMIZATION_LEVEL = "-Onone";
			};
			name = Debug;
		};
		F425FBE32C5B987700568555 /* Release */ = {
			isa = XCBuildConfiguration;
			buildSettings = {
				ALWAYS_SEARCH_USER_PATHS = NO;
				ASSETCATALOG_COMPILER_GENERATE_SWIFT_ASSET_SYMBOL_EXTENSIONS = YES;
				CLANG_ANALYZER_NONNULL = YES;
				CLANG_ANALYZER_NUMBER_OBJECT_CONVERSION = YES_AGGRESSIVE;
				CLANG_CXX_LANGUAGE_STANDARD = "gnu++20";
				CLANG_ENABLE_MODULES = YES;
				CLANG_ENABLE_OBJC_ARC = YES;
				CLANG_ENABLE_OBJC_WEAK = YES;
				CLANG_WARN_BLOCK_CAPTURE_AUTORELEASING = YES;
				CLANG_WARN_BOOL_CONVERSION = YES;
				CLANG_WARN_COMMA = YES;
				CLANG_WARN_CONSTANT_CONVERSION = YES;
				CLANG_WARN_DEPRECATED_OBJC_IMPLEMENTATIONS = YES;
				CLANG_WARN_DIRECT_OBJC_ISA_USAGE = YES_ERROR;
				CLANG_WARN_DOCUMENTATION_COMMENTS = YES;
				CLANG_WARN_EMPTY_BODY = YES;
				CLANG_WARN_ENUM_CONVERSION = YES;
				CLANG_WARN_INFINITE_RECURSION = YES;
				CLANG_WARN_INT_CONVERSION = YES;
				CLANG_WARN_NON_LITERAL_NULL_CONVERSION = YES;
				CLANG_WARN_OBJC_IMPLICIT_RETAIN_SELF = YES;
				CLANG_WARN_OBJC_LITERAL_CONVERSION = YES;
				CLANG_WARN_OBJC_ROOT_CLASS = YES_ERROR;
				CLANG_WARN_QUOTED_INCLUDE_IN_FRAMEWORK_HEADER = YES;
				CLANG_WARN_RANGE_LOOP_ANALYSIS = YES;
				CLANG_WARN_STRICT_PROTOTYPES = YES;
				CLANG_WARN_SUSPICIOUS_MOVE = YES;
				CLANG_WARN_UNGUARDED_AVAILABILITY = YES_AGGRESSIVE;
				CLANG_WARN_UNREACHABLE_CODE = YES;
				CLANG_WARN__DUPLICATE_METHOD_MATCH = YES;
				COPY_PHASE_STRIP = NO;
				DEBUG_INFORMATION_FORMAT = "dwarf-with-dsym";
				ENABLE_NS_ASSERTIONS = NO;
				ENABLE_STRICT_OBJC_MSGSEND = YES;
				ENABLE_USER_SCRIPT_SANDBOXING = YES;
				GCC_C_LANGUAGE_STANDARD = gnu17;
				GCC_NO_COMMON_BLOCKS = YES;
				GCC_WARN_64_TO_32_BIT_CONVERSION = YES;
				GCC_WARN_ABOUT_RETURN_TYPE = YES_ERROR;
				GCC_WARN_UNDECLARED_SELECTOR = YES;
				GCC_WARN_UNINITIALIZED_AUTOS = YES_AGGRESSIVE;
				GCC_WARN_UNUSED_FUNCTION = YES;
				GCC_WARN_UNUSED_VARIABLE = YES;
				IPHONEOS_DEPLOYMENT_TARGET = 17.5;
				LOCALIZATION_PREFERS_STRING_CATALOGS = YES;
				MTL_ENABLE_DEBUG_INFO = NO;
				MTL_FAST_MATH = YES;
				SDKROOT = iphoneos;
				SWIFT_COMPILATION_MODE = wholemodule;
				VALIDATE_PRODUCT = YES;
			};
			name = Release;
		};
		F425FBE52C5B987700568555 /* Debug */ = {
			isa = XCBuildConfiguration;
			buildSettings = {
				ASSETCATALOG_COMPILER_APPICON_NAME = AppIcon;
				ASSETCATALOG_COMPILER_GLOBAL_ACCENT_COLOR_NAME = AccentColor;
				CODE_SIGN_STYLE = Automatic;
				CURRENT_PROJECT_VERSION = 1;
				DEVELOPMENT_TEAM = H46F5Z8KW7;
				GENERATE_INFOPLIST_FILE = YES;
				INFOPLIST_FILE = "virtual dice/Info.plist";
				INFOPLIST_KEY_UIApplicationSupportsIndirectInputEvents = YES;
				INFOPLIST_KEY_UILaunchStoryboardName = LaunchScreen;
				INFOPLIST_KEY_UIMainStoryboardFile = Main;
				INFOPLIST_KEY_UISupportedInterfaceOrientations_iPad = "UIInterfaceOrientationPortrait UIInterfaceOrientationPortraitUpsideDown UIInterfaceOrientationLandscapeLeft UIInterfaceOrientationLandscapeRight";
				INFOPLIST_KEY_UISupportedInterfaceOrientations_iPhone = "UIInterfaceOrientationPortrait UIInterfaceOrientationLandscapeLeft UIInterfaceOrientationLandscapeRight";
				LD_RUNPATH_SEARCH_PATHS = (
					"$(inherited)",
					"@executable_path/Frameworks",
				);
				MARKETING_VERSION = 1.0;
				PRODUCT_BUNDLE_IDENTIFIER = "snig.virtual-dice";
				PRODUCT_NAME = "$(TARGET_NAME)";
				SWIFT_EMIT_LOC_STRINGS = YES;
				SWIFT_VERSION = 5.0;
				TARGETED_DEVICE_FAMILY = "1,2";
			};
			name = Debug;
		};
		F425FBE62C5B987700568555 /* Release */ = {
			isa = XCBuildConfiguration;
			buildSettings = {
				ASSETCATALOG_COMPILER_APPICON_NAME = AppIcon;
				ASSETCATALOG_COMPILER_GLOBAL_ACCENT_COLOR_NAME = AccentColor;
				CODE_SIGN_STYLE = Automatic;
				CURRENT_PROJECT_VERSION = 1;
				DEVELOPMENT_TEAM = H46F5Z8KW7;
				GENERATE_INFOPLIST_FILE = YES;
				INFOPLIST_FILE = "virtual dice/Info.plist";
				INFOPLIST_KEY_UIApplicationSupportsIndirectInputEvents = YES;
				INFOPLIST_KEY_UILaunchStoryboardName = LaunchScreen;
				INFOPLIST_KEY_UIMainStoryboardFile = Main;
				INFOPLIST_KEY_UISupportedInterfaceOrientations_iPad = "UIInterfaceOrientationPortrait UIInterfaceOrientationPortraitUpsideDown UIInterfaceOrientationLandscapeLeft UIInterfaceOrientationLandscapeRight";
				INFOPLIST_KEY_UISupportedInterfaceOrientations_iPhone = "UIInterfaceOrientationPortrait UIInterfaceOrientationLandscapeLeft UIInterfaceOrientationLandscapeRight";
				LD_RUNPATH_SEARCH_PATHS = (
					"$(inherited)",
					"@executable_path/Frameworks",
				);
				MARKETING_VERSION = 1.0;
				PRODUCT_BUNDLE_IDENTIFIER = "snig.virtual-dice";
				PRODUCT_NAME = "$(TARGET_NAME)";
				SWIFT_EMIT_LOC_STRINGS = YES;
				SWIFT_VERSION = 5.0;
				TARGETED_DEVICE_FAMILY = "1,2";
			};
			name = Release;
		};
		F425FBE82C5B987700568555 /* Debug */ = {
			isa = XCBuildConfiguration;
			buildSettings = {
				ALWAYS_EMBED_SWIFT_STANDARD_LIBRARIES = YES;
				BUNDLE_LOADER = "$(TEST_HOST)";
				CODE_SIGN_STYLE = Automatic;
				CURRENT_PROJECT_VERSION = 1;
				DEVELOPMENT_TEAM = H46F5Z8KW7;
				GENERATE_INFOPLIST_FILE = YES;
				IPHONEOS_DEPLOYMENT_TARGET = 17.5;
				MARKETING_VERSION = 1.0;
				PRODUCT_BUNDLE_IDENTIFIER = "snig.virtual-diceTests";
				PRODUCT_NAME = "$(TARGET_NAME)";
				SWIFT_EMIT_LOC_STRINGS = NO;
				SWIFT_VERSION = 5.0;
				TARGETED_DEVICE_FAMILY = "1,2";
				TEST_HOST = "$(BUILT_PRODUCTS_DIR)/virtual dice.app/$(BUNDLE_EXECUTABLE_FOLDER_PATH)/virtual dice";
			};
			name = Debug;
		};
		F425FBE92C5B987700568555 /* Release */ = {
			isa = XCBuildConfiguration;
			buildSettings = {
				ALWAYS_EMBED_SWIFT_STANDARD_LIBRARIES = YES;
				BUNDLE_LOADER = "$(TEST_HOST)";
				CODE_SIGN_STYLE = Automatic;
				CURRENT_PROJECT_VERSION = 1;
				DEVELOPMENT_TEAM = H46F5Z8KW7;
				GENERATE_INFOPLIST_FILE = YES;
				IPHONEOS_DEPLOYMENT_TARGET = 17.5;
				MARKETING_VERSION = 1.0;
				PRODUCT_BUNDLE_IDENTIFIER = "snig.virtual-diceTests";
				PRODUCT_NAME = "$(TARGET_NAME)";
				SWIFT_EMIT_LOC_STRINGS = NO;
				SWIFT_VERSION = 5.0;
				TARGETED_DEVICE_FAMILY = "1,2";
				TEST_HOST = "$(BUILT_PRODUCTS_DIR)/virtual dice.app/$(BUNDLE_EXECUTABLE_FOLDER_PATH)/virtual dice";
			};
			name = Release;
		};
		F425FBEB2C5B987700568555 /* Debug */ = {
			isa = XCBuildConfiguration;
			buildSettings = {
				ALWAYS_EMBED_SWIFT_STANDARD_LIBRARIES = YES;
				CODE_SIGN_STYLE = Automatic;
				CURRENT_PROJECT_VERSION = 1;
				DEVELOPMENT_TEAM = H46F5Z8KW7;
				GENERATE_INFOPLIST_FILE = YES;
				MARKETING_VERSION = 1.0;
				PRODUCT_BUNDLE_IDENTIFIER = "snig.virtual-diceUITests";
				PRODUCT_NAME = "$(TARGET_NAME)";
				SWIFT_EMIT_LOC_STRINGS = NO;
				SWIFT_VERSION = 5.0;
				TARGETED_DEVICE_FAMILY = "1,2";
				TEST_TARGET_NAME = "virtual dice";
			};
			name = Debug;
		};
		F425FBEC2C5B987700568555 /* Release */ = {
			isa = XCBuildConfiguration;
			buildSettings = {
				ALWAYS_EMBED_SWIFT_STANDARD_LIBRARIES = YES;
				CODE_SIGN_STYLE = Automatic;
				CURRENT_PROJECT_VERSION = 1;
				DEVELOPMENT_TEAM = H46F5Z8KW7;
				GENERATE_INFOPLIST_FILE = YES;
				MARKETING_VERSION = 1.0;
				PRODUCT_BUNDLE_IDENTIFIER = "snig.virtual-diceUITests";
				PRODUCT_NAME = "$(TARGET_NAME)";
				SWIFT_EMIT_LOC_STRINGS = NO;
				SWIFT_VERSION = 5.0;
				TARGETED_DEVICE_FAMILY = "1,2";
				TEST_TARGET_NAME = "virtual dice";
			};
			name = Release;
		};
/* End XCBuildConfiguration section */

/* Begin XCConfigurationList section */
		F425FBB52C5B987600568555 /* Build configuration list for PBXProject "virtual dice" */ = {
			isa = XCConfigurationList;
			buildConfigurations = (
				F425FBE22C5B987700568555 /* Debug */,
				F425FBE32C5B987700568555 /* Release */,
			);
			defaultConfigurationIsVisible = 0;
			defaultConfigurationName = Release;
		};
		F425FBE42C5B987700568555 /* Build configuration list for PBXNativeTarget "virtual dice" */ = {
			isa = XCConfigurationList;
			buildConfigurations = (
				F425FBE52C5B987700568555 /* Debug */,
				F425FBE62C5B987700568555 /* Release */,
			);
			defaultConfigurationIsVisible = 0;
			defaultConfigurationName = Release;
		};
		F425FBE72C5B987700568555 /* Build configuration list for PBXNativeTarget "virtual diceTests" */ = {
			isa = XCConfigurationList;
			buildConfigurations = (
				F425FBE82C5B987700568555 /* Debug */,
				F425FBE92C5B987700568555 /* Release */,
			);
			defaultConfigurationIsVisible = 0;
			defaultConfigurationName = Release;
		};
		F425FBEA2C5B987700568555 /* Build configuration list for PBXNativeTarget "virtual diceUITests" */ = {
			isa = XCConfigurationList;
			buildConfigurations = (
				F425FBEB2C5B987700568555 /* Debug */,
				F425FBEC2C5B987700568555 /* Release */,
			);
			defaultConfigurationIsVisible = 0;
			defaultConfigurationName = Release;
		};
/* End XCConfigurationList section */
	};
	rootObject = F425FBB22C5B987600568555 /* Project object */;
}
